
Microsoft Visual Studio Solution File, Format Version 12.00
# Visual Studio Version 17
VisualStudioVersion = 17.9.34714.143
MinimumVisualStudioVersion = 10.0.40219.1
Project("{FAE04EC0-301F-11D3-BF4B-00C04F79EFBC}") = "Biblioteca", "Biblioteca\Biblioteca.csproj", "{A1D868EF-B401-4A2A-AF37-C4AF9AEEFA0F}"
EndProject
Global
	GlobalSection(SolutionConfigurationPlatforms) = preSolution
		Debug|Any CPU = Debug|Any CPU
		Release|Any CPU = Release|Any CPU
	EndGlobalSection
	GlobalSection(ProjectConfigurationPlatforms) = postSolution
		{A1D868EF-B401-4A2A-AF37-C4AF9AEEFA0F}.Debug|Any CPU.ActiveCfg = Debug|Any CPU
		{A1D868EF-B401-4A2A-AF37-C4AF9AEEFA0F}.Debug|Any CPU.Build.0 = Debug|Any CPU
		{A1D868EF-B401-4A2A-AF37-C4AF9AEEFA0F}.Release|Any CPU.ActiveCfg = Release|Any CPU
		{A1D868EF-B401-4A2A-AF37-C4AF9AEEFA0F}.Release|Any CPU.Build.0 = Release|Any CPU
	EndGlobalSection
	GlobalSection(SolutionProperties) = preSolution
		HideSolutionNode = FALSE
	EndGlobalSection
	GlobalSection(ExtensibilityGlobals) = postSolution
		SolutionGuid = {F48C0D27-26B1-4DAD-BF9C-A98EB1A13298}
	EndGlobalSection
EndGlobal
